// !$*UTF8*$!
{
	archiveVersion = 1;
	classes = {
	};
	objectVersion = 56;
	objects = {

/* Begin PBXBuildFile section */
		45C1307428F8CD0A0093C7E8 /* Reader.cpp in Sources */ = {isa = PBXBuildFile; fileRef = 45C1307228F8CD0A0093C7E8 /* Reader.cpp */; };
		45C1307728F97A900093C7E8 /* OrderBook.cpp in Sources */ = {isa = PBXBuildFile; fileRef = 45C1307528F97A900093C7E8 /* OrderBook.cpp */; };
		45DBAD8A28F4C68A0088ADB7 /* main.cpp in Sources */ = {isa = PBXBuildFile; fileRef = 45DBAD8928F4C68A0088ADB7 /* main.cpp */; };
		45DBAD9328F74B890088ADB7 /* OrderBookEntry.cpp in Sources */ = {isa = PBXBuildFile; fileRef = 45DBAD9128F74B890088ADB7 /* OrderBookEntry.cpp */; };
		45DBAD9928F751050088ADB7 /* MerkelMain.cpp in Sources */ = {isa = PBXBuildFile; fileRef = 45DBAD9728F751050088ADB7 /* MerkelMain.cpp */; };
		45F95D8628FA3AFC0083C448 /* Wallet.cpp in Sources */ = {isa = PBXBuildFile; fileRef = 45F95D8428FA3AFC0083C448 /* Wallet.cpp */; };
/* End PBXBuildFile section */

/* Begin PBXCopyFilesBuildPhase section */
		45DBAD8428F4C68A0088ADB7 /* CopyFiles */ = {
			isa = PBXCopyFilesBuildPhase;
			buildActionMask = 2147483647;
			dstPath = /usr/share/man/man1/;
			dstSubfolderSpec = 0;
			files = (
			);
			runOnlyForDeploymentPostprocessing = 1;
		};
/* End PBXCopyFilesBuildPhase section */

/* Begin PBXFileReference section */
		45C1306C28F8817B0093C7E8 /* 20200317.csv */ = {isa = PBXFileReference; lastKnownFileType = text; name = 20200317.csv; path = "../../../../../../../Documents/csv-oop/20200317.csv"; sourceTree = "<group>"; };
		45C1306E28F883B00093C7E8 /* test.csv */ = {isa = PBXFileReference; lastKnownFileType = text; path = test.csv; sourceTree = "<group>"; };
		45C1307228F8CD0A0093C7E8 /* Reader.cpp */ = {isa = PBXFileReference; lastKnownFileType = sourcecode.cpp.cpp; path = Reader.cpp; sourceTree = "<group>"; };
		45C1307328F8CD0A0093C7E8 /* Reader.hpp */ = {isa = PBXFileReference; lastKnownFileType = sourcecode.cpp.h; path = Reader.hpp; sourceTree = "<group>"; };
		45C1307528F97A900093C7E8 /* OrderBook.cpp */ = {isa = PBXFileReference; lastKnownFileType = sourcecode.cpp.cpp; path = OrderBook.cpp; sourceTree = "<group>"; };
		45C1307628F97A900093C7E8 /* OrderBook.hpp */ = {isa = PBXFileReference; lastKnownFileType = sourcecode.cpp.h; path = OrderBook.hpp; sourceTree = "<group>"; };
		45DBAD8628F4C68A0088ADB7 /* trade */ = {isa = PBXFileReference; explicitFileType = "compiled.mach-o.executable"; includeInIndex = 0; path = trade; sourceTree = BUILT_PRODUCTS_DIR; };
		45DBAD8928F4C68A0088ADB7 /* main.cpp */ = {isa = PBXFileReference; lastKnownFileType = sourcecode.cpp.cpp; path = main.cpp; sourceTree = "<group>"; };
		45DBAD9128F74B890088ADB7 /* OrderBookEntry.cpp */ = {isa = PBXFileReference; lastKnownFileType = sourcecode.cpp.cpp; path = OrderBookEntry.cpp; sourceTree = "<group>"; };
		45DBAD9228F74B890088ADB7 /* OrderBookEntry.hpp */ = {isa = PBXFileReference; lastKnownFileType = sourcecode.cpp.h; path = OrderBookEntry.hpp; sourceTree = "<group>"; };
		45DBAD9728F751050088ADB7 /* MerkelMain.cpp */ = {isa = PBXFileReference; lastKnownFileType = sourcecode.cpp.cpp; path = MerkelMain.cpp; sourceTree = "<group>"; };
		45DBAD9828F751050088ADB7 /* MerkelMain.hpp */ = {isa = PBXFileReference; lastKnownFileType = sourcecode.cpp.h; path = MerkelMain.hpp; sourceTree = "<group>"; };
		45F95D8428FA3AFC0083C448 /* Wallet.cpp */ = {isa = PBXFileReference; lastKnownFileType = sourcecode.cpp.cpp; path = Wallet.cpp; sourceTree = "<group>"; };
		45F95D8528FA3AFC0083C448 /* Wallet.hpp */ = {isa = PBXFileReference; lastKnownFileType = sourcecode.cpp.h; path = Wallet.hpp; sourceTree = "<group>"; };
/* End PBXFileReference section */

/* Begin PBXFrameworksBuildPhase section */
		45DBAD8328F4C68A0088ADB7 /* Frameworks */ = {
			isa = PBXFrameworksBuildPhase;
			buildActionMask = 2147483647;
			files = (
			);
			runOnlyForDeploymentPostprocessing = 0;
		};
/* End PBXFrameworksBuildPhase section */

/* Begin PBXGroup section */
		45DBAD7D28F4C68A0088ADB7 = {
			isa = PBXGroup;
			children = (
				45DBAD8828F4C68A0088ADB7 /* trade */,
				45DBAD8728F4C68A0088ADB7 /* Products */,
			);
			sourceTree = "<group>";
		};
		45DBAD8728F4C68A0088ADB7 /* Products */ = {
			isa = PBXGroup;
			children = (
				45DBAD8628F4C68A0088ADB7 /* trade */,
			);
			name = Products;
			sourceTree = "<group>";
		};
		45DBAD8828F4C68A0088ADB7 /* trade */ = {
			isa = PBXGroup;
			children = (
				45C1307528F97A900093C7E8 /* OrderBook.cpp */,
				45F95D8428FA3AFC0083C448 /* Wallet.cpp */,
				45F95D8528FA3AFC0083C448 /* Wallet.hpp */,
				45C1307628F97A900093C7E8 /* OrderBook.hpp */,
				45DBAD9728F751050088ADB7 /* MerkelMain.cpp */,
				45DBAD9828F751050088ADB7 /* MerkelMain.hpp */,
				45DBAD8928F4C68A0088ADB7 /* main.cpp */,
				45DBAD9128F74B890088ADB7 /* OrderBookEntry.cpp */,
				45DBAD9228F74B890088ADB7 /* OrderBookEntry.hpp */,
				45C1306C28F8817B0093C7E8 /* 20200317.csv */,
				45C1306E28F883B00093C7E8 /* test.csv */,
				45C1307228F8CD0A0093C7E8 /* Reader.cpp */,
				45C1307328F8CD0A0093C7E8 /* Reader.hpp */,
			);
			path = trade;
			sourceTree = "<group>";
		};
/* End PBXGroup section */

/* Begin PBXNativeTarget section */
		45DBAD8528F4C68A0088ADB7 /* trade */ = {
			isa = PBXNativeTarget;
			buildConfigurationList = 45DBAD8D28F4C68A0088ADB7 /* Build configuration list for PBXNativeTarget "trade" */;
			buildPhases = (
				45DBAD8228F4C68A0088ADB7 /* Sources */,
				45DBAD8328F4C68A0088ADB7 /* Frameworks */,
				45DBAD8428F4C68A0088ADB7 /* CopyFiles */,
			);
			buildRules = (
			);
			dependencies = (
			);
			name = trade;
			productName = trade;
			productReference = 45DBAD8628F4C68A0088ADB7 /* trade */;
			productType = "com.apple.product-type.tool";
		};
/* End PBXNativeTarget section */

/* Begin PBXProject section */
		45DBAD7E28F4C68A0088ADB7 /* Project object */ = {
			isa = PBXProject;
			attributes = {
				BuildIndependentTargetsInParallel = 1;
				LastUpgradeCheck = 1400;
				TargetAttributes = {
					45DBAD8528F4C68A0088ADB7 = {
						CreatedOnToolsVersion = 14.0.1;
					};
				};
			};
			buildConfigurationList = 45DBAD8128F4C68A0088ADB7 /* Build configuration list for PBXProject "trade" */;
			compatibilityVersion = "Xcode 14.0";
			developmentRegion = en;
			hasScannedForEncodings = 0;
			knownRegions = (
				en,
				Base,
			);
			mainGroup = 45DBAD7D28F4C68A0088ADB7;
			productRefGroup = 45DBAD8728F4C68A0088ADB7 /* Products */;
			projectDirPath = "";
			projectRoot = "";
			targets = (
				45DBAD8528F4C68A0088ADB7 /* trade */,
			);
		};
/* End PBXProject section */

/* Begin PBXSourcesBuildPhase section */
		45DBAD8228F4C68A0088ADB7 /* Sources */ = {
			isa = PBXSourcesBuildPhase;
			buildActionMask = 2147483647;
			files = (
				45DBAD9928F751050088ADB7 /* MerkelMain.cpp in Sources */,
				45DBAD9328F74B890088ADB7 /* OrderBookEntry.cpp in Sources */,
				45F95D8628FA3AFC0083C448 /* Wallet.cpp in Sources */,
				45C1307428F8CD0A0093C7E8 /* Reader.cpp in Sources */,
				45DBAD8A28F4C68A0088ADB7 /* main.cpp in Sources */,
				45C1307728F97A900093C7E8 /* OrderBook.cpp in Sources */,
			);
			runOnlyForDeploymentPostprocessing = 0;
		};
/* End PBXSourcesBuildPhase section */

/* Begin XCBuildConfiguration section */
		45DBAD8B28F4C68A0088ADB7 /* Debug */ = {
			isa = XCBuildConfiguration;
			buildSettings = {
				ALWAYS_SEARCH_USER_PATHS = NO;
				CLANG_ANALYZER_NONNULL = YES;
				CLANG_ANALYZER_NUMBER_OBJECT_CONVERSION = YES_AGGRESSIVE;
				CLANG_CXX_LANGUAGE_STANDARD = "gnu++20";
				CLANG_ENABLE_MODULES = YES;
				CLANG_ENABLE_OBJC_ARC = YES;
				CLANG_ENABLE_OBJC_WEAK = YES;
				CLANG_WARN_BLOCK_CAPTURE_AUTORELEASING = YES;
				CLANG_WARN_BOOL_CONVERSION = YES;
				CLANG_WARN_COMMA = YES;
				CLANG_WARN_CONSTANT_CONVERSION = YES;
				CLANG_WARN_DEPRECATED_OBJC_IMPLEMENTATIONS = YES;
				CLANG_WARN_DIRECT_OBJC_ISA_USAGE = YES_ERROR;
				CLANG_WARN_DOCUMENTATION_COMMENTS = YES;
				CLANG_WARN_EMPTY_BODY = YES;
				CLANG_WARN_ENUM_CONVERSION = YES;
				CLANG_WARN_INFINITE_RECURSION = YES;
				CLANG_WARN_INT_CONVERSION = YES;
				CLANG_WARN_NON_LITERAL_NULL_CONVERSION = YES;
				CLANG_WARN_OBJC_IMPLICIT_RETAIN_SELF = YES;
				CLANG_WARN_OBJC_LITERAL_CONVERSION = YES;
				CLANG_WARN_OBJC_ROOT_CLASS = YES_ERROR;
				CLANG_WARN_QUOTED_INCLUDE_IN_FRAMEWORK_HEADER = YES;
				CLANG_WARN_RANGE_LOOP_ANALYSIS = YES;
				CLANG_WARN_STRICT_PROTOTYPES = YES;
				CLANG_WARN_SUSPICIOUS_MOVE = YES;
				CLANG_WARN_UNGUARDED_AVAILABILITY = YES_AGGRESSIVE;
				CLANG_WARN_UNREACHABLE_CODE = YES;
				CLANG_WARN__DUPLICATE_METHOD_MATCH = YES;
				COPY_PHASE_STRIP = NO;
				DEBUG_INFORMATION_FORMAT = dwarf;
				ENABLE_STRICT_OBJC_MSGSEND = YES;
				ENABLE_TESTABILITY = YES;
				GCC_C_LANGUAGE_STANDARD = gnu11;
				GCC_DYNAMIC_NO_PIC = NO;
				GCC_NO_COMMON_BLOCKS = YES;
				GCC_OPTIMIZATION_LEVEL = 0;
				GCC_PREPROCESSOR_DEFINITIONS = (
					"DEBUG=1",
					"$(inherited)",
				);
				GCC_WARN_64_TO_32_BIT_CONVERSION = YES;
				GCC_WARN_ABOUT_RETURN_TYPE = YES_ERROR;
				GCC_WARN_UNDECLARED_SELECTOR = YES;
				GCC_WARN_UNINITIALIZED_AUTOS = YES_AGGRESSIVE;
				GCC_WARN_UNUSED_FUNCTION = YES;
				GCC_WARN_UNUSED_VARIABLE = YES;
				MACOSX_DEPLOYMENT_TARGET = 12.3;
				MTL_ENABLE_DEBUG_INFO = INCLUDE_SOURCE;
				MTL_FAST_MATH = YES;
				ONLY_ACTIVE_ARCH = YES;
				SDKROOT = macosx;
			};
			name = Debug;
		};
		45DBAD8C28F4C68A0088ADB7 /* Release */ = {
			isa = XCBuildConfiguration;
			buildSettings = {
				ALWAYS_SEARCH_USER_PATHS = NO;
				CLANG_ANALYZER_NONNULL = YES;
				CLANG_ANALYZER_NUMBER_OBJECT_CONVERSION = YES_AGGRESSIVE;
				CLANG_CXX_LANGUAGE_STANDARD = "gnu++20";
				CLANG_ENABLE_MODULES = YES;
				CLANG_ENABLE_OBJC_ARC = YES;
				CLANG_ENABLE_OBJC_WEAK = YES;
				CLANG_WARN_BLOCK_CAPTURE_AUTORELEASING = YES;
				CLANG_WARN_BOOL_CONVERSION = YES;
				CLANG_WARN_COMMA = YES;
				CLANG_WARN_CONSTANT_CONVERSION = YES;
				CLANG_WARN_DEPRECATED_OBJC_IMPLEMENTATIONS = YES;
				CLANG_WARN_DIRECT_OBJC_ISA_USAGE = YES_ERROR;
				CLANG_WARN_DOCUMENTATION_COMMENTS = YES;
				CLANG_WARN_EMPTY_BODY = YES;
				CLANG_WARN_ENUM_CONVERSION = YES;
				CLANG_WARN_INFINITE_RECURSION = YES;
				CLANG_WARN_INT_CONVERSION = YES;
				CLANG_WARN_NON_LITERAL_NULL_CONVERSION = YES;
				CLANG_WARN_OBJC_IMPLICIT_RETAIN_SELF = YES;
				CLANG_WARN_OBJC_LITERAL_CONVERSION = YES;
				CLANG_WARN_OBJC_ROOT_CLASS = YES_ERROR;
				CLANG_WARN_QUOTED_INCLUDE_IN_FRAMEWORK_HEADER = YES;
				CLANG_WARN_RANGE_LOOP_ANALYSIS = YES;
				CLANG_WARN_STRICT_PROTOTYPES = YES;
				CLANG_WARN_SUSPICIOUS_MOVE = YES;
				CLANG_WARN_UNGUARDED_AVAILABILITY = YES_AGGRESSIVE;
				CLANG_WARN_UNREACHABLE_CODE = YES;
				CLANG_WARN__DUPLICATE_METHOD_MATCH = YES;
				COPY_PHASE_STRIP = NO;
				DEBUG_INFORMATION_FORMAT = "dwarf-with-dsym";
				ENABLE_NS_ASSERTIONS = NO;
				ENABLE_STRICT_OBJC_MSGSEND = YES;
				GCC_C_LANGUAGE_STANDARD = gnu11;
				GCC_NO_COMMON_BLOCKS = YES;
				GCC_WARN_64_TO_32_BIT_CONVERSION = YES;
				GCC_WARN_ABOUT_RETURN_TYPE = YES_ERROR;
				GCC_WARN_UNDECLARED_SELECTOR = YES;
				GCC_WARN_UNINITIALIZED_AUTOS = YES_AGGRESSIVE;
				GCC_WARN_UNUSED_FUNCTION = YES;
				GCC_WARN_UNUSED_VARIABLE = YES;
				MACOSX_DEPLOYMENT_TARGET = 12.3;
				MTL_ENABLE_DEBUG_INFO = NO;
				MTL_FAST_MATH = YES;
				SDKROOT = macosx;
			};
			name = Release;
		};
		45DBAD8E28F4C68A0088ADB7 /* Debug */ = {
			isa = XCBuildConfiguration;
			buildSettings = {
				CODE_SIGN_STYLE = Automatic;
				PRODUCT_NAME = "$(TARGET_NAME)";
			};
			name = Debug;
		};
		45DBAD8F28F4C68A0088ADB7 /* Release */ = {
			isa = XCBuildConfiguration;
			buildSettings = {
				CODE_SIGN_STYLE = Automatic;
				PRODUCT_NAME = "$(TARGET_NAME)";
			};
			name = Release;
		};
/* End XCBuildConfiguration section */

/* Begin XCConfigurationList section */
		45DBAD8128F4C68A0088ADB7 /* Build configuration list for PBXProject "trade" */ = {
			isa = XCConfigurationList;
			buildConfigurations = (
				45DBAD8B28F4C68A0088ADB7 /* Debug */,
				45DBAD8C28F4C68A0088ADB7 /* Release */,
			);
			defaultConfigurationIsVisible = 0;
			defaultConfigurationName = Release;
		};
		45DBAD8D28F4C68A0088ADB7 /* Build configuration list for PBXNativeTarget "trade" */ = {
			isa = XCConfigurationList;
			buildConfigurations = (
				45DBAD8E28F4C68A0088ADB7 /* Debug */,
				45DBAD8F28F4C68A0088ADB7 /* Release */,
			);
			defaultConfigurationIsVisible = 0;
			defaultConfigurationName = Release;
		};
/* End XCConfigurationList section */
	};
	rootObject = 45DBAD7E28F4C68A0088ADB7 /* Project object */;
}
